PODS:
  - AFNetworking (3.2.1):
    - AFNetworking/NSURLSession (= 3.2.1)
    - AFNetworking/Reachability (= 3.2.1)
    - AFNetworking/Security (= 3.2.1)
    - AFNetworking/Serialization (= 3.2.1)
    - AFNetworking/UIKit (= 3.2.1)
  - AFNetworking/NSURLSession (3.2.1):
    - AFNetworking/Reachability
    - AFNetworking/Security
    - AFNetworking/Serialization
  - AFNetworking/Reachability (3.2.1)
  - AFNetworking/Security (3.2.1)
  - AFNetworking/Serialization (3.2.1)
  - AFNetworking/UIKit (3.2.1):
    - AFNetworking/NSURLSession
  - FreeStreamer (3.8.3):
    - Reachability (~> 3.0)
  - Masonry (1.0.2)
  - MJRefresh (3.1.14.1)
  - Reachability (3.2)
  - SVProgressHUD (2.2.5)
  - vc_foundation (0.2.12):
    - AFNetworking (~> 3.2.1)
    - Masonry (~> 1.0.2)
    - MJRefresh (~> 3.1.14.1)
    - SVProgressHUD (~> 2.2.5)
    - WCMediaPlayer
    - YYKit (~> 1.0.9)
  - WCMediaPlayer (0.0.1):
    - FreeStreamer (~> 3.8.3)
  - YYKit (1.0.9):
    - YYKit/no-arc (= 1.0.9)
  - YYKit/no-arc (1.0.9)

DEPENDENCIES:
  - vc_foundation (from `../`)

SPEC REPOS:
  https://github.com/cocoapods/specs.git:
    - AFNetworking
    - FreeStreamer
    - Masonry
    - MJRefresh
    - Reachability
    - SVProgressHUD
    - WCMediaPlayer
    - YYKit

EXTERNAL SOURCES:
  vc_foundation:
    :path: "../"

SPEC CHECKSUMS:
  AFNetworking: b6f891fdfaed196b46c7a83cf209e09697b94057
  FreeStreamer: b205b0bf6a2e7855f935369145498f930eb27cac
  Masonry: 7c429b56da9d4ee0bbb3ed77a5ea710d6a5df39e
  MJRefresh: 238e6a37e2dba12160ee3b79f6d2a2b26abcab42
  Reachability: 33e18b67625424e47b6cde6d202dce689ad7af96
  SVProgressHUD: 1428aafac632c1f86f62aa4243ec12008d7a51d6
  vc_foundation: 5d5a17eab2da1817b858750c0e9bc7da6855290a
  WCMediaPlayer: 9e1dd19d936b51d3e8750f041f98c0534144a0f7
  YYKit: 7cda43304a8dc3696c449041e2cb3107b4e236e7

PODFILE CHECKSUM: e329345ea59685e8738e9d5c8b7c053f935b07bc

COCOAPODS: 1.7.0
